
Microsoft Visual Studio Solution File, Format Version 12.00
# Visual Studio Version 17
VisualStudioVersion = 17.4.33122.133
MinimumVisualStudioVersion = 10.0.40219.1
Project("{9A19103F-16F7-4668-BE54-9A1E7A4F7556}") = "wiggly-parade", "wiggly-parade\wiggly-parade.csproj", "{6253083B-B153-4913-92EB-72831449B030}"
EndProject
Global
	GlobalSection(SolutionConfigurationPlatforms) = preSolution
		Debug|Any CPU = Debug|Any CPU
		Release|Any CPU = Release|Any CPU
	EndGlobalSection
	GlobalSection(ProjectConfigurationPlatforms) = postSolution
		{6253083B-B153-4913-92EB-72831449B030}.Debug|Any CPU.ActiveCfg = Debug|Any CPU
		{6253083B-B153-4913-92EB-72831449B030}.Debug|Any CPU.Build.0 = Debug|Any CPU
		{6253083B-B153-4913-92EB-72831449B030}.Release|Any CPU.ActiveCfg = Release|Any CPU
		{6253083B-B153-4913-92EB-72831449B030}.Release|Any CPU.Build.0 = Release|Any CPU
	EndGlobalSection
	GlobalSection(SolutionProperties) = preSolution
		HideSolutionNode = FALSE
	EndGlobalSection
	GlobalSection(ExtensibilityGlobals) = postSolution
		SolutionGuid = {9A58113C-D342-4247-A98A-969C127F7E88}
	EndGlobalSection
EndGlobal
